
Microsoft Visual Studio Solution File, Format Version 12.00
# Visual Studio Version 17
VisualStudioVersion = 17.5.002.0
MinimumVisualStudioVersion = 10.0.40219.1
Project("{9A19103F-16F7-4668-BE54-9A1E7A4F7556}") = "Funcify", "Funcify.csproj", "{BA29D4AC-BB74-4548-BC8C-72EFA9C5EE25}"
EndProject
Global
	GlobalSection(SolutionConfigurationPlatforms) = preSolution
		Debug|Any CPU = Debug|Any CPU
		Release|Any CPU = Release|Any CPU
	EndGlobalSection
	GlobalSection(ProjectConfigurationPlatforms) = postSolution
		{BA29D4AC-BB74-4548-BC8C-72EFA9C5EE25}.Debug|Any CPU.ActiveCfg = Debug|Any CPU
		{BA29D4AC-BB74-4548-BC8C-72EFA9C5EE25}.Debug|Any CPU.Build.0 = Debug|Any CPU
		{BA29D4AC-BB74-4548-BC8C-72EFA9C5EE25}.Release|Any CPU.ActiveCfg = Release|Any CPU
		{BA29D4AC-BB74-4548-BC8C-72EFA9C5EE25}.Release|Any CPU.Build.0 = Release|Any CPU
	EndGlobalSection
	GlobalSection(SolutionProperties) = preSolution
		HideSolutionNode = FALSE
	EndGlobalSection
	GlobalSection(ExtensibilityGlobals) = postSolution
		SolutionGuid = {3A0455B9-3910-47AF-8EE5-8E825B2EEEB4}
	EndGlobalSection
EndGlobal
